
Microsoft Visual Studio Solution File, Format Version 12.00
Project("{2150E333-8FDC-42A3-9474-1A3956D46DE8}") = "Framework", "Framework", "{EE4DF7B3-0C89-472E-81DA-DC2D943BEE98}"
EndProject
Project("{2150E333-8FDC-42A3-9474-1A3956D46DE8}") = "Test", "Test", "{E1585A25-C02E-46EA-8DA5-8B27161E4213}"
EndProject
Project("{2150E333-8FDC-42A3-9474-1A3956D46DE8}") = "Application", "Application", "{5EDFD7C0-A3B1-4729-A30A-B38725070145}"
EndProject
Project("{FAE04EC0-301F-11D3-BF4B-00C04F79EFBC}") = "Dal.Postgres", "Framework\Dal.Postgres\Dal.Postgres.csproj", "{447229A0-01A0-45B1-BBB1-9AE02AB9C3A3}"
EndProject
Project("{FAE04EC0-301F-11D3-BF4B-00C04F79EFBC}") = "Messaging.Kafka", "Framework\Messaging.Kafka\Messaging.Kafka.csproj", "{692BA27F-7524-433B-B043-FE589E6A5FAB}"
EndProject
Project("{FAE04EC0-301F-11D3-BF4B-00C04F79EFBC}") = "Auth", "Framework\Auth\Auth.csproj", "{326EC77C-53AA-40EC-A722-C833A3F5F262}"
EndProject
Project("{2150E333-8FDC-42A3-9474-1A3956D46DE8}") = "Modules", "Modules", "{611690E3-0838-4682-BA62-FFB9A449A2E6}"
EndProject
Project("{FAE04EC0-301F-11D3-BF4B-00C04F79EFBC}") = "FleetApi", "Application\FleetApi\FleetApi.csproj", "{1FC345AD-E82C-4C3E-8BCC-D48569D9FBAE}"
EndProject
Project("{FAE04EC0-301F-11D3-BF4B-00C04F79EFBC}") = "ApiShared", "Framework\ApiShared\ApiShared.csproj", "{8006653A-4EDF-40FA-858E-C80EC5F138B1}"
EndProject
Project("{2150E333-8FDC-42A3-9474-1A3956D46DE8}") = "Iam", "Iam", "{F63DDFFD-5EE7-4EBC-BF64-82C0F89AEBE3}"
EndProject
Project("{2150E333-8FDC-42A3-9474-1A3956D46DE8}") = "Vehicle", "Vehicle", "{FFC8827B-61B1-44EE-86A4-CA791F8B3B2F}"
EndProject
Project("{2150E333-8FDC-42A3-9474-1A3956D46DE8}") = "Notification", "Notification", "{DFAF3B38-03D7-4916-A96C-FCCF3F3570AA}"
EndProject
Project("{2150E333-8FDC-42A3-9474-1A3956D46DE8}") = "Reservation", "Reservation", "{821A9105-789E-4CAD-8D9A-1DD1E400EE46}"
EndProject
Project("{2150E333-8FDC-42A3-9474-1A3956D46DE8}") = "Availability", "Availability", "{4EEC781D-C9D6-458D-9B55-29661A8CEF07}"
EndProject
Project("{2150E333-8FDC-42A3-9474-1A3956D46DE8}") = "TimeManagement", "TimeManagement", "{18C139DF-F8C8-4F20-A23B-D58206BD82E5}"
EndProject
Project("{2150E333-8FDC-42A3-9474-1A3956D46DE8}") = "Payment", "Payment", "{82C2A556-0E65-4D31-8E93-C8E3AACED5D7}"
EndProject
Project("{FAE04EC0-301F-11D3-BF4B-00C04F79EFBC}") = "Vehicle.Shared", "Application\Modules\Vehicle\Vehicle.Shared\Vehicle.Shared.csproj", "{1785806D-AC9C-4B83-A02A-0CB7B479169E}"
EndProject
Project("{FAE04EC0-301F-11D3-BF4B-00C04F79EFBC}") = "Vehicle.Application", "Application\Modules\Vehicle\Vehicle.Application\Vehicle.Application.csproj", "{24E8F3F8-B43C-474B-8786-FD667CAEB07D}"
EndProject
Project("{FAE04EC0-301F-11D3-BF4B-00C04F79EFBC}") = "Vehicle.Core", "Application\Modules\Vehicle\Vehicle.Core\Vehicle.Core.csproj", "{A8200C4C-F981-4900-88BA-38E5A3D0C9D8}"
EndProject
Project("{FAE04EC0-301F-11D3-BF4B-00C04F79EFBC}") = "Vehicle.Infrastructure", "Application\Modules\Vehicle\Vehicle.Infrastructure\Vehicle.Infrastructure.csproj", "{FF8BD816-1A8C-474F-94BA-7DB83E1EAF13}"
EndProject
Global
	GlobalSection(SolutionConfigurationPlatforms) = preSolution
		Debug|Any CPU = Debug|Any CPU
		Release|Any CPU = Release|Any CPU
	EndGlobalSection
	GlobalSection(NestedProjects) = preSolution
		{447229A0-01A0-45B1-BBB1-9AE02AB9C3A3} = {EE4DF7B3-0C89-472E-81DA-DC2D943BEE98}
		{692BA27F-7524-433B-B043-FE589E6A5FAB} = {EE4DF7B3-0C89-472E-81DA-DC2D943BEE98}
		{326EC77C-53AA-40EC-A722-C833A3F5F262} = {EE4DF7B3-0C89-472E-81DA-DC2D943BEE98}
		{611690E3-0838-4682-BA62-FFB9A449A2E6} = {5EDFD7C0-A3B1-4729-A30A-B38725070145}
		{1FC345AD-E82C-4C3E-8BCC-D48569D9FBAE} = {5EDFD7C0-A3B1-4729-A30A-B38725070145}
		{8006653A-4EDF-40FA-858E-C80EC5F138B1} = {5EDFD7C0-A3B1-4729-A30A-B38725070145}
		{F63DDFFD-5EE7-4EBC-BF64-82C0F89AEBE3} = {611690E3-0838-4682-BA62-FFB9A449A2E6}
		{FFC8827B-61B1-44EE-86A4-CA791F8B3B2F} = {611690E3-0838-4682-BA62-FFB9A449A2E6}
		{DFAF3B38-03D7-4916-A96C-FCCF3F3570AA} = {611690E3-0838-4682-BA62-FFB9A449A2E6}
		{821A9105-789E-4CAD-8D9A-1DD1E400EE46} = {611690E3-0838-4682-BA62-FFB9A449A2E6}
		{4EEC781D-C9D6-458D-9B55-29661A8CEF07} = {611690E3-0838-4682-BA62-FFB9A449A2E6}
		{18C139DF-F8C8-4F20-A23B-D58206BD82E5} = {611690E3-0838-4682-BA62-FFB9A449A2E6}
		{82C2A556-0E65-4D31-8E93-C8E3AACED5D7} = {611690E3-0838-4682-BA62-FFB9A449A2E6}
		{1785806D-AC9C-4B83-A02A-0CB7B479169E} = {FFC8827B-61B1-44EE-86A4-CA791F8B3B2F}
		{24E8F3F8-B43C-474B-8786-FD667CAEB07D} = {FFC8827B-61B1-44EE-86A4-CA791F8B3B2F}
		{A8200C4C-F981-4900-88BA-38E5A3D0C9D8} = {FFC8827B-61B1-44EE-86A4-CA791F8B3B2F}
		{FF8BD816-1A8C-474F-94BA-7DB83E1EAF13} = {FFC8827B-61B1-44EE-86A4-CA791F8B3B2F}
	EndGlobalSection
	GlobalSection(ProjectConfigurationPlatforms) = postSolution
		{447229A0-01A0-45B1-BBB1-9AE02AB9C3A3}.Debug|Any CPU.ActiveCfg = Debug|Any CPU
		{447229A0-01A0-45B1-BBB1-9AE02AB9C3A3}.Debug|Any CPU.Build.0 = Debug|Any CPU
		{447229A0-01A0-45B1-BBB1-9AE02AB9C3A3}.Release|Any CPU.ActiveCfg = Release|Any CPU
		{447229A0-01A0-45B1-BBB1-9AE02AB9C3A3}.Release|Any CPU.Build.0 = Release|Any CPU
		{692BA27F-7524-433B-B043-FE589E6A5FAB}.Debug|Any CPU.ActiveCfg = Debug|Any CPU
		{692BA27F-7524-433B-B043-FE589E6A5FAB}.Debug|Any CPU.Build.0 = Debug|Any CPU
		{692BA27F-7524-433B-B043-FE589E6A5FAB}.Release|Any CPU.ActiveCfg = Release|Any CPU
		{692BA27F-7524-433B-B043-FE589E6A5FAB}.Release|Any CPU.Build.0 = Release|Any CPU
		{326EC77C-53AA-40EC-A722-C833A3F5F262}.Debug|Any CPU.ActiveCfg = Debug|Any CPU
		{326EC77C-53AA-40EC-A722-C833A3F5F262}.Debug|Any CPU.Build.0 = Debug|Any CPU
		{326EC77C-53AA-40EC-A722-C833A3F5F262}.Release|Any CPU.ActiveCfg = Release|Any CPU
		{326EC77C-53AA-40EC-A722-C833A3F5F262}.Release|Any CPU.Build.0 = Release|Any CPU
		{1FC345AD-E82C-4C3E-8BCC-D48569D9FBAE}.Debug|Any CPU.ActiveCfg = Debug|Any CPU
		{1FC345AD-E82C-4C3E-8BCC-D48569D9FBAE}.Debug|Any CPU.Build.0 = Debug|Any CPU
		{1FC345AD-E82C-4C3E-8BCC-D48569D9FBAE}.Release|Any CPU.ActiveCfg = Release|Any CPU
		{1FC345AD-E82C-4C3E-8BCC-D48569D9FBAE}.Release|Any CPU.Build.0 = Release|Any CPU
		{8006653A-4EDF-40FA-858E-C80EC5F138B1}.Debug|Any CPU.ActiveCfg = Debug|Any CPU
		{8006653A-4EDF-40FA-858E-C80EC5F138B1}.Debug|Any CPU.Build.0 = Debug|Any CPU
		{8006653A-4EDF-40FA-858E-C80EC5F138B1}.Release|Any CPU.ActiveCfg = Release|Any CPU
		{8006653A-4EDF-40FA-858E-C80EC5F138B1}.Release|Any CPU.Build.0 = Release|Any CPU
		{1785806D-AC9C-4B83-A02A-0CB7B479169E}.Debug|Any CPU.ActiveCfg = Debug|Any CPU
		{1785806D-AC9C-4B83-A02A-0CB7B479169E}.Debug|Any CPU.Build.0 = Debug|Any CPU
		{1785806D-AC9C-4B83-A02A-0CB7B479169E}.Release|Any CPU.ActiveCfg = Release|Any CPU
		{1785806D-AC9C-4B83-A02A-0CB7B479169E}.Release|Any CPU.Build.0 = Release|Any CPU
		{24E8F3F8-B43C-474B-8786-FD667CAEB07D}.Debug|Any CPU.ActiveCfg = Debug|Any CPU
		{24E8F3F8-B43C-474B-8786-FD667CAEB07D}.Debug|Any CPU.Build.0 = Debug|Any CPU
		{24E8F3F8-B43C-474B-8786-FD667CAEB07D}.Release|Any CPU.ActiveCfg = Release|Any CPU
		{24E8F3F8-B43C-474B-8786-FD667CAEB07D}.Release|Any CPU.Build.0 = Release|Any CPU
		{A8200C4C-F981-4900-88BA-38E5A3D0C9D8}.Debug|Any CPU.ActiveCfg = Debug|Any CPU
		{A8200C4C-F981-4900-88BA-38E5A3D0C9D8}.Debug|Any CPU.Build.0 = Debug|Any CPU
		{A8200C4C-F981-4900-88BA-38E5A3D0C9D8}.Release|Any CPU.ActiveCfg = Release|Any CPU
		{A8200C4C-F981-4900-88BA-38E5A3D0C9D8}.Release|Any CPU.Build.0 = Release|Any CPU
		{FF8BD816-1A8C-474F-94BA-7DB83E1EAF13}.Debug|Any CPU.ActiveCfg = Debug|Any CPU
		{FF8BD816-1A8C-474F-94BA-7DB83E1EAF13}.Debug|Any CPU.Build.0 = Debug|Any CPU
		{FF8BD816-1A8C-474F-94BA-7DB83E1EAF13}.Release|Any CPU.ActiveCfg = Release|Any CPU
		{FF8BD816-1A8C-474F-94BA-7DB83E1EAF13}.Release|Any CPU.Build.0 = Release|Any CPU
	EndGlobalSection
EndGlobal
