
Microsoft Visual Studio Solution File, Format Version 12.00
Project("{2150E333-8FDC-42A3-9474-1A3956D46DE8}") = "Framework", "Framework", "{EE4DF7B3-0C89-472E-81DA-DC2D943BEE98}"
EndProject
Project("{2150E333-8FDC-42A3-9474-1A3956D46DE8}") = "Test", "Test", "{E1585A25-C02E-46EA-8DA5-8B27161E4213}"
EndProject
Project("{2150E333-8FDC-42A3-9474-1A3956D46DE8}") = "Application", "Application", "{5EDFD7C0-A3B1-4729-A30A-B38725070145}"
EndProject
Project("{FAE04EC0-301F-11D3-BF4B-00C04F79EFBC}") = "Dal.PostgreSql", "Framework\Dal.PostgreSql\Dal.PostgreSql.csproj", "{447229A0-01A0-45B1-BBB1-9AE02AB9C3A3}"
EndProject
Project("{FAE04EC0-301F-11D3-BF4B-00C04F79EFBC}") = "Messaging.Kafka", "Framework\Messaging.Kafka\Messaging.Kafka.csproj", "{692BA27F-7524-433B-B043-FE589E6A5FAB}"
EndProject
Project("{FAE04EC0-301F-11D3-BF4B-00C04F79EFBC}") = "Auth", "Framework\Auth\Auth.csproj", "{326EC77C-53AA-40EC-A722-C833A3F5F262}"
EndProject
Project("{2150E333-8FDC-42A3-9474-1A3956D46DE8}") = "Modules", "Modules", "{611690E3-0838-4682-BA62-FFB9A449A2E6}"
EndProject
Project("{FAE04EC0-301F-11D3-BF4B-00C04F79EFBC}") = "FleetApi", "Application\FleetApi\FleetApi.csproj", "{1FC345AD-E82C-4C3E-8BCC-D48569D9FBAE}"
EndProject
Global
	GlobalSection(SolutionConfigurationPlatforms) = preSolution
		Debug|Any CPU = Debug|Any CPU
		Release|Any CPU = Release|Any CPU
	EndGlobalSection
	GlobalSection(NestedProjects) = preSolution
		{447229A0-01A0-45B1-BBB1-9AE02AB9C3A3} = {EE4DF7B3-0C89-472E-81DA-DC2D943BEE98}
		{692BA27F-7524-433B-B043-FE589E6A5FAB} = {EE4DF7B3-0C89-472E-81DA-DC2D943BEE98}
		{326EC77C-53AA-40EC-A722-C833A3F5F262} = {EE4DF7B3-0C89-472E-81DA-DC2D943BEE98}
		{611690E3-0838-4682-BA62-FFB9A449A2E6} = {5EDFD7C0-A3B1-4729-A30A-B38725070145}
		{1FC345AD-E82C-4C3E-8BCC-D48569D9FBAE} = {5EDFD7C0-A3B1-4729-A30A-B38725070145}
	EndGlobalSection
	GlobalSection(ProjectConfigurationPlatforms) = postSolution
		{447229A0-01A0-45B1-BBB1-9AE02AB9C3A3}.Debug|Any CPU.ActiveCfg = Debug|Any CPU
		{447229A0-01A0-45B1-BBB1-9AE02AB9C3A3}.Debug|Any CPU.Build.0 = Debug|Any CPU
		{447229A0-01A0-45B1-BBB1-9AE02AB9C3A3}.Release|Any CPU.ActiveCfg = Release|Any CPU
		{447229A0-01A0-45B1-BBB1-9AE02AB9C3A3}.Release|Any CPU.Build.0 = Release|Any CPU
		{692BA27F-7524-433B-B043-FE589E6A5FAB}.Debug|Any CPU.ActiveCfg = Debug|Any CPU
		{692BA27F-7524-433B-B043-FE589E6A5FAB}.Debug|Any CPU.Build.0 = Debug|Any CPU
		{692BA27F-7524-433B-B043-FE589E6A5FAB}.Release|Any CPU.ActiveCfg = Release|Any CPU
		{692BA27F-7524-433B-B043-FE589E6A5FAB}.Release|Any CPU.Build.0 = Release|Any CPU
		{326EC77C-53AA-40EC-A722-C833A3F5F262}.Debug|Any CPU.ActiveCfg = Debug|Any CPU
		{326EC77C-53AA-40EC-A722-C833A3F5F262}.Debug|Any CPU.Build.0 = Debug|Any CPU
		{326EC77C-53AA-40EC-A722-C833A3F5F262}.Release|Any CPU.ActiveCfg = Release|Any CPU
		{326EC77C-53AA-40EC-A722-C833A3F5F262}.Release|Any CPU.Build.0 = Release|Any CPU
		{1FC345AD-E82C-4C3E-8BCC-D48569D9FBAE}.Debug|Any CPU.ActiveCfg = Debug|Any CPU
		{1FC345AD-E82C-4C3E-8BCC-D48569D9FBAE}.Debug|Any CPU.Build.0 = Debug|Any CPU
		{1FC345AD-E82C-4C3E-8BCC-D48569D9FBAE}.Release|Any CPU.ActiveCfg = Release|Any CPU
		{1FC345AD-E82C-4C3E-8BCC-D48569D9FBAE}.Release|Any CPU.Build.0 = Release|Any CPU
	EndGlobalSection
EndGlobal
